<?xml version="1.0" encoding="utf-8"?>
<Project ToolsVersion="4.0" xmlns="http://schemas.microsoft.com/developer/msbuild/2003">
  <ItemGroup>
    <Filter Include="Source Files">
      <UniqueIdentifier>{4FC737F1-C7A5-4376-A066-2A32D752A2FF}</UniqueIdentifier>
      <Extensions>cpp;c;cc;cxx;def;odl;idl;hpj;bat;asm;asmx</Extensions>
    </Filter>
    <Filter Include="Header Files">
      <UniqueIdentifier>{93995380-89BD-4b04-88EB-625FBE52EBFB}</UniqueIdentifier>
      <Extensions>h;hh;hpp;hxx;hm;inl;inc;xsd</Extensions>
    </Filter>
    <Filter Include="Resource Files">
      <UniqueIdentifier>{67DA6AB6-F800-4c08-8B7A-83BB121AAD01}</UniqueIdentifier>
      <Extensions>rc;ico;cur;bmp;dlg;rc2;rct;bin;rgs;gif;jpg;jpeg;jpe;resx;tiff;tif;png;wav;mfcribbon-ms</Extensions>
    </Filter>
    <Filter Include="Header Files\Event">
      <UniqueIdentifier>{f7c93fea-b823-4a66-9579-d06a6cc11021}</UniqueIdentifier>
    </Filter>
    <Filter Include="Source Files\Event">
      <UniqueIdentifier>{56a121ef-9fb0-4e22-9f55-f06c6fb4fe9c}</UniqueIdentifier>
    </Filter>
    <Filter Include="Header Files\Snake">
      <UniqueIdentifier>{c77871c0-0f2d-4f9f-ab67-8c0800f1c28a}</UniqueIdentifier>
    </Filter>
    <Filter Include="Source Files\Snake">
      <UniqueIdentifier>{3aa0aad1-7d7e-49a9-b374-4141f70f6938}</UniqueIdentifier>
    </Filter>
    <Filter Include="Header Files\Level">
      <UniqueIdentifier>{a6236dab-a328-4065-8a21-02bf41795a59}</UniqueIdentifier>
    </Filter>
    <Filter Include="Source Files\Level">
      <UniqueIdentifier>{a57c05ac-28e7-4efe-94a3-65d1c5b64806}</UniqueIdentifier>
    </Filter>
    <Filter Include="Header Files\Tile">
      <UniqueIdentifier>{321f1f0d-62f5-4ee2-9890-1b65d99efe63}</UniqueIdentifier>
    </Filter>
    <Filter Include="Source Files\Tile">
      <UniqueIdentifier>{c6cba0e3-33be-47ed-b330-8633e5f69ee4}</UniqueIdentifier>
    </Filter>
    <Filter Include="Header Files\Utility">
      <UniqueIdentifier>{0c3efc11-0968-4c67-9d35-fbe551a1b75e}</UniqueIdentifier>
    </Filter>
    <Filter Include="Source Files\Utility">
      <UniqueIdentifier>{ddd0ebf5-30a6-49d4-9ac9-5c37f745aad1}</UniqueIdentifier>
    </Filter>
    <Filter Include="Header Files\Item">
      <UniqueIdentifier>{70f5728a-9ede-45d5-8e6d-7d5ff52444ad}</UniqueIdentifier>
    </Filter>
    <Filter Include="Source Files\Item">
      <UniqueIdentifier>{7c416ed6-5767-40ff-ba3f-f9fe94865fc7}</UniqueIdentifier>
    </Filter>
    <Filter Include="Header Files\Event\Snake Hit">
      <UniqueIdentifier>{8e94aad0-15d0-4c4f-ab9a-7eddb9bb9da0}</UniqueIdentifier>
    </Filter>
    <Filter Include="Source Files\Event\Snake Hit">
      <UniqueIdentifier>{22ac1f98-6e32-4e4b-bd95-ef67ea415792}</UniqueIdentifier>
    </Filter>
  </ItemGroup>
  <ItemGroup>
    <ClCompile Include="main.cpp">
      <Filter>Source Files</Filter>
    </ClCompile>
    <ClCompile Include="Game.cpp">
      <Filter>Source Files</Filter>
    </ClCompile>
    <ClCompile Include="GraphicsBufferManager.cpp">
      <Filter>Source Files</Filter>
    </ClCompile>
    <ClCompile Include="InputTranslator.cpp">
      <Filter>Source Files</Filter>
    </ClCompile>
    <ClCompile Include="Tile.cpp">
      <Filter>Source Files\Tile</Filter>
    </ClCompile>
    <ClCompile Include="Level.cpp">
      <Filter>Source Files\Level</Filter>
    </ClCompile>
    <ClCompile Include="Snake.cpp">
      <Filter>Source Files\Snake</Filter>
    </ClCompile>
    <ClCompile Include="SnakeNode.cpp">
      <Filter>Source Files\Snake</Filter>
    </ClCompile>
    <ClCompile Include="SettingsFile.cpp">
      <Filter>Source Files\Utility</Filter>
    </ClCompile>
    <ClCompile Include="LevelManager.cpp">
      <Filter>Source Files\Level</Filter>
    </ClCompile>
    <ClCompile Include="TileFactory.cpp">
      <Filter>Source Files\Tile</Filter>
    </ClCompile>
    <ClCompile Include="Item.cpp">
      <Filter>Source Files\Item</Filter>
    </ClCompile>
    <ClCompile Include="ItemManager.cpp">
      <Filter>Source Files\Item</Filter>
    </ClCompile>
    <ClCompile Include="Powerup.cpp">
      <Filter>Source Files\Item</Filter>
    </ClCompile>
    <ClCompile Include="EventSnakeHitWall.cpp">
      <Filter>Source Files\Event\Snake Hit</Filter>
    </ClCompile>
    <ClCompile Include="EventSnakeHitSelf.cpp">
      <Filter>Source Files\Event\Snake Hit</Filter>
    </ClCompile>
    <ClCompile Include="EventSnakeHitFood.cpp">
      <Filter>Source Files\Event\Snake Hit</Filter>
    </ClCompile>
    <ClCompile Include="EventSnakeHitPowerup.cpp">
      <Filter>Source Files\Event\Snake Hit</Filter>
    </ClCompile>
    <ClCompile Include="EventSnakeDirection.cpp">
      <Filter>Source Files\Event</Filter>
    </ClCompile>
    <ClCompile Include="EventGoToNextLevel.cpp">
      <Filter>Source Files\Event</Filter>
    </ClCompile>
    <ClCompile Include="EventAddScore.cpp">
      <Filter>Source Files\Event</Filter>
    </ClCompile>
    <ClCompile Include="EventPowerupEnd.cpp">
      <Filter>Source Files\Event</Filter>
    </ClCompile>
  </ItemGroup>
  <ItemGroup>
    <ClInclude Include="Game.h">
      <Filter>Header Files</Filter>
    </ClInclude>
    <ClInclude Include="GraphicsBufferManager.h">
      <Filter>Header Files</Filter>
    </ClInclude>
    <ClInclude Include="InputTranslator.h">
      <Filter>Header Files</Filter>
    </ClInclude>
    <ClInclude Include="Snake.h">
      <Filter>Header Files\Snake</Filter>
    </ClInclude>
    <ClInclude Include="Tile.h">
      <Filter>Header Files\Tile</Filter>
    </ClInclude>
    <ClInclude Include="Level.h">
      <Filter>Header Files\Level</Filter>
    </ClInclude>
    <ClInclude Include="SnakeNode.h">
      <Filter>Header Files\Snake</Filter>
    </ClInclude>
    <ClInclude Include="SettingsFile.h">
      <Filter>Header Files\Utility</Filter>
    </ClInclude>
    <ClInclude Include="LevelManager.h">
      <Filter>Header Files\Level</Filter>
    </ClInclude>
    <ClInclude Include="TileFactory.h">
      <Filter>Header Files\Tile</Filter>
    </ClInclude>
    <ClInclude Include="ItemManager.h">
      <Filter>Header Files\Item</Filter>
    </ClInclude>
    <ClInclude Include="Item.h">
      <Filter>Header Files\Item</Filter>
    </ClInclude>
    <ClInclude Include="Powerup.h">
      <Filter>Header Files\Item</Filter>
    </ClInclude>
    <ClInclude Include="EventSnakeHitSelf.h">
      <Filter>Header Files\Event\Snake Hit</Filter>
    </ClInclude>
    <ClInclude Include="EventSnakeHitWall.h">
      <Filter>Header Files\Event\Snake Hit</Filter>
    </ClInclude>
    <ClInclude Include="EventSnakeHitFood.h">
      <Filter>Header Files\Event\Snake Hit</Filter>
    </ClInclude>
    <ClInclude Include="EventSnakeHitPowerup.h">
      <Filter>Header Files\Event\Snake Hit</Filter>
    </ClInclude>
    <ClInclude Include="SnakeEvents.h">
      <Filter>Header Files\Event</Filter>
    </ClInclude>
    <ClInclude Include="EventSnakeDirection.h">
      <Filter>Header Files\Event</Filter>
    </ClInclude>
    <ClInclude Include="EventGoToNextLevel.h">
      <Filter>Header Files\Event</Filter>
    </ClInclude>
    <ClInclude Include="EventAddScore.h">
      <Filter>Header Files\Event</Filter>
    </ClInclude>
    <ClInclude Include="EventPowerupEnd.h">
      <Filter>Header Files\Event</Filter>
    </ClInclude>
  </ItemGroup>
</Project>